
Microsoft Visual Studio Solution File, Format Version 12.00
# Visual Studio Version 17
VisualStudioVersion = 17.10.35122.118
MinimumVisualStudioVersion = 10.0.40219.1
Project("{FAE04EC0-301F-11D3-BF4B-00C04F79EFBC}") = "Urbanstay.WebApi", "Urbanstay.WebApi\Urbanstay.WebApi.csproj", "{3BBFCCBF-48E7-4BC4-B9F9-BFBEE7BAF01F}"
EndProject
Global
	GlobalSection(SolutionConfigurationPlatforms) = preSolution
		Debug|Any CPU = Debug|Any CPU
		Release|Any CPU = Release|Any CPU
	EndGlobalSection
	GlobalSection(ProjectConfigurationPlatforms) = postSolution
		{3BBFCCBF-48E7-4BC4-B9F9-BFBEE7BAF01F}.Debug|Any CPU.ActiveCfg = Debug|Any CPU
		{3BBFCCBF-48E7-4BC4-B9F9-BFBEE7BAF01F}.Debug|Any CPU.Build.0 = Debug|Any CPU
		{3BBFCCBF-48E7-4BC4-B9F9-BFBEE7BAF01F}.Release|Any CPU.ActiveCfg = Release|Any CPU
		{3BBFCCBF-48E7-4BC4-B9F9-BFBEE7BAF01F}.Release|Any CPU.Build.0 = Release|Any CPU
	EndGlobalSection
	GlobalSection(SolutionProperties) = preSolution
		HideSolutionNode = FALSE
	EndGlobalSection
	GlobalSection(ExtensibilityGlobals) = postSolution
		SolutionGuid = {C42B5DC2-85F7-4169-B88B-26E601CF80F6}
	EndGlobalSection
EndGlobal
